{
  "name": "a11y-cycle40-redmine-tools",
  "version": "1.0.0",
  "lockfileVersion": 3,
  "requires": true,
  "packages": {
    "": {
      "name": "a11y-cycle40-redmine-tools",
      "version": "1.0.0",
      "license": "ISC",
      "dependencies": {
        "axe-core": "4.14.0",
        "playwright": "^1.55.0"
      }
    },
    "node_modules/axe-core": {
      "version": "4.14.0",
      "resolved": "https://registry.npmjs.org/axe-core/-/axe-core-4.14.0.tgz",
      "integrity": "sha512-9WTZxEjsZ7b13TH8JPmbV2z8CHbl80/2hm3XPEG4JgNdQLK81IBRXmSxHfMAOkSqQeRxT/0dwNDz2GOm3zzpcQ==",
      "license": "MPL-2.0",
      "engines": {
        "node": ">=4"
      }
    },
    "node_modules/playwright": {
      "version": "1.64.0",
      "resolved": "https://registry.npmjs.org/playwright/-/playwright-1.64.0.tgz",
      "integrity": "sha512-kVzTnYFYEyQ9RGzBjNCd2+yEqWmVbxl3AHPynv3qQ6JTjv4a+kwRcnqQwIpuP3NnrnIrE/Q6wWAIAvMfIE2/Yg==",
      "license": "Apache-2.0",
      "dependencies": {
        "playwright-core": "1.64.0"
      },
      "bin": {
        "playwright": "cli.js"
      },
      "engines": {
        "node": ">=20"
      }
    },
    "node_modules/playwright-core": {
      "version": "1.64.0",
      "resolved": "https://registry.npmjs.org/playwright-core/-/playwright-core-1.64.0.tgz",
      "integrity": "sha512-T9r+MZkTECl2+oUcZ26YgZzTrYidTsIhYYkJix+6iDOymOb1FB2RLLSOxRGnZGv5DStt+aduIVbt+E8WygXYpg==",
      "license": "Apache-2.0",
      "bin": {
        "playwright-core": "cli.js"
      },
      "engines": {
        "node": ">=20"
      }
    }
  }
}
